
Microsoft Visual Studio Solution File, Format Version 12.00
# Visual Studio Version 17
VisualStudioVersion = 17.9.34723.18
MinimumVisualStudioVersion = 10.0.40219.1
Project("{FAE04EC0-301F-11D3-BF4B-00C04F79EFBC}") = "DTTLLesson06", "DTTLLesson06\DTTLLesson06.csproj", "{044D88E1-805D-4656-B1DC-FDAAD8CC5241}"
EndProject
Global
	GlobalSection(SolutionConfigurationPlatforms) = preSolution
		Debug|Any CPU = Debug|Any CPU
		Release|Any CPU = Release|Any CPU
	EndGlobalSection
	GlobalSection(ProjectConfigurationPlatforms) = postSolution
		{044D88E1-805D-4656-B1DC-FDAAD8CC5241}.Debug|Any CPU.ActiveCfg = Debug|Any CPU
		{044D88E1-805D-4656-B1DC-FDAAD8CC5241}.Debug|Any CPU.Build.0 = Debug|Any CPU
		{044D88E1-805D-4656-B1DC-FDAAD8CC5241}.Release|Any CPU.ActiveCfg = Release|Any CPU
		{044D88E1-805D-4656-B1DC-FDAAD8CC5241}.Release|Any CPU.Build.0 = Release|Any CPU
	EndGlobalSection
	GlobalSection(SolutionProperties) = preSolution
		HideSolutionNode = FALSE
	EndGlobalSection
	GlobalSection(ExtensibilityGlobals) = postSolution
		SolutionGuid = {2581F533-485E-4901-96C3-B053A0510A7B}
	EndGlobalSection
EndGlobal
