
Microsoft Visual Studio Solution File, Format Version 12.00
# Visual Studio Version 17
VisualStudioVersion = 17.9.34723.18
MinimumVisualStudioVersion = 10.0.40219.1
Project("{FAE04EC0-301F-11D3-BF4B-00C04F79EFBC}") = "QuocThu215041", "QuocThu215041\QuocThu215041.csproj", "{C0DA5272-C0E9-4DB1-88FA-7F40CC3D3959}"
EndProject
Global
	GlobalSection(SolutionConfigurationPlatforms) = preSolution
		Debug|Any CPU = Debug|Any CPU
		Release|Any CPU = Release|Any CPU
	EndGlobalSection
	GlobalSection(ProjectConfigurationPlatforms) = postSolution
		{C0DA5272-C0E9-4DB1-88FA-7F40CC3D3959}.Debug|Any CPU.ActiveCfg = Debug|Any CPU
		{C0DA5272-C0E9-4DB1-88FA-7F40CC3D3959}.Debug|Any CPU.Build.0 = Debug|Any CPU
		{C0DA5272-C0E9-4DB1-88FA-7F40CC3D3959}.Release|Any CPU.ActiveCfg = Release|Any CPU
		{C0DA5272-C0E9-4DB1-88FA-7F40CC3D3959}.Release|Any CPU.Build.0 = Release|Any CPU
	EndGlobalSection
	GlobalSection(SolutionProperties) = preSolution
		HideSolutionNode = FALSE
	EndGlobalSection
	GlobalSection(ExtensibilityGlobals) = postSolution
		SolutionGuid = {15835FB9-59CE-4D6D-B695-47942A3CA748}
	EndGlobalSection
EndGlobal
