
Microsoft Visual Studio Solution File, Format Version 12.00
# Visual Studio Version 17
VisualStudioVersion = 17.9.34723.18
MinimumVisualStudioVersion = 10.0.40219.1
Project("{FAE04EC0-301F-11D3-BF4B-00C04F79EFBC}") = "ASP.net", "ASP.net\ASP.net.csproj", "{7D838246-6174-49D1-B6C9-F64BF656BD73}"
EndProject
Project("{FAE04EC0-301F-11D3-BF4B-00C04F79EFBC}") = "lad1web", "aspweb\lad1web.csproj", "{319EB37D-329B-4685-B72A-303247A3D995}"
EndProject
Project("{FAE04EC0-301F-11D3-BF4B-00C04F79EFBC}") = "lesson2", "lesson2\lesson2.csproj", "{61AFDD31-73AD-461C-834B-0CC1ABC9B321}"
EndProject
Global
	GlobalSection(SolutionConfigurationPlatforms) = preSolution
		Debug|Any CPU = Debug|Any CPU
		Release|Any CPU = Release|Any CPU
	EndGlobalSection
	GlobalSection(ProjectConfigurationPlatforms) = postSolution
		{7D838246-6174-49D1-B6C9-F64BF656BD73}.Debug|Any CPU.ActiveCfg = Debug|Any CPU
		{7D838246-6174-49D1-B6C9-F64BF656BD73}.Debug|Any CPU.Build.0 = Debug|Any CPU
		{7D838246-6174-49D1-B6C9-F64BF656BD73}.Release|Any CPU.ActiveCfg = Release|Any CPU
		{7D838246-6174-49D1-B6C9-F64BF656BD73}.Release|Any CPU.Build.0 = Release|Any CPU
		{319EB37D-329B-4685-B72A-303247A3D995}.Debug|Any CPU.ActiveCfg = Debug|Any CPU
		{319EB37D-329B-4685-B72A-303247A3D995}.Debug|Any CPU.Build.0 = Debug|Any CPU
		{319EB37D-329B-4685-B72A-303247A3D995}.Release|Any CPU.ActiveCfg = Release|Any CPU
		{319EB37D-329B-4685-B72A-303247A3D995}.Release|Any CPU.Build.0 = Release|Any CPU
		{61AFDD31-73AD-461C-834B-0CC1ABC9B321}.Debug|Any CPU.ActiveCfg = Debug|Any CPU
		{61AFDD31-73AD-461C-834B-0CC1ABC9B321}.Debug|Any CPU.Build.0 = Debug|Any CPU
		{61AFDD31-73AD-461C-834B-0CC1ABC9B321}.Release|Any CPU.ActiveCfg = Release|Any CPU
		{61AFDD31-73AD-461C-834B-0CC1ABC9B321}.Release|Any CPU.Build.0 = Release|Any CPU
	EndGlobalSection
	GlobalSection(SolutionProperties) = preSolution
		HideSolutionNode = FALSE
	EndGlobalSection
	GlobalSection(ExtensibilityGlobals) = postSolution
		SolutionGuid = {C381A296-651B-4C90-9755-04769D8AC33F}
	EndGlobalSection
EndGlobal
